#MicroXplorer Configuration settings - do not modify
#Tue Jul 28 18:06:41 JST 2015
File.Version=1
KeepUserPlacement=false
Mcu.Family=STM32F1
Mcu.IP0=ADC1
Mcu.IP1=I2C1
Mcu.IP2=SPI1
Mcu.IP3=SYS
Mcu.IP4=TIM1
Mcu.IP5=USART1
Mcu.IP6=USART2
Mcu.IPNb=7
Mcu.Name=STM32F103T(8-B)Ux
Mcu.Package=VFQFPN36
Mcu.Pin0=PD0-OSC_IN
Mcu.Pin1=PD1-OSC_OUT
Mcu.Pin10=PB0
Mcu.Pin11=PB1
Mcu.Pin12=PB2
Mcu.Pin13=PA8
Mcu.Pin14=PA9
Mcu.Pin15=PA10
Mcu.Pin16=PA11
Mcu.Pin17=PA12
Mcu.Pin18=PA13
Mcu.Pin19=PA14
Mcu.Pin2=PA0-WKUP
Mcu.Pin20=PA15
Mcu.Pin21=PB3
Mcu.Pin22=PB4
Mcu.Pin23=PB5
Mcu.Pin24=PB6
Mcu.Pin25=PB7
Mcu.Pin26=VP_ADC1_TempSens_Input
Mcu.Pin27=VP_ADC1_Vref_Input
Mcu.Pin28=VP_ADC1_Vbat_Input
Mcu.Pin3=PA1
Mcu.Pin4=PA2
Mcu.Pin5=PA3
Mcu.Pin6=PA4
Mcu.Pin7=PA5
Mcu.Pin8=PA6
Mcu.Pin9=PA7
Mcu.PinsNb=29
Mcu.UserName=STM32F103TBUx
PA0-WKUP.Locked=true
PA0-WKUP.Mode=SYS-WKUP
PA0-WKUP.Signal=SYS_WKUP
PA1.GPIOParameters=GPIO_Label
PA1.GPIO_Label=SYNC_IN
PA1.Locked=true
PA1.Signal=GPIO_Input
PA10.Locked=true
PA10.Mode=Asynchronous
PA10.Signal=USART1_RX
PA11.GPIOParameters=GPIO_Label
PA11.GPIO_Label=L1_5.0_CTRL
PA11.Locked=true
PA11.Signal=GPIO_Output
PA12.GPIOParameters=GPIO_Label
PA12.GPIO_Label=L1_3.3_CTRL
PA12.Locked=true
PA12.Signal=GPIO_Output
PA13.Locked=true
PA13.Mode=Trace-Asynchronous_SW
PA13.Signal=SYS_JTMS-SWDIO
PA14.Locked=true
PA14.Mode=Trace-Asynchronous_SW
PA14.Signal=SYS_JTCK-SWCLK
PA15.GPIOParameters=GPIO_Label
PA15.GPIO_Label=SYNC_IN
PA15.Locked=true
PA15.Signal=GPIO_Output
PA2.GPIOParameters=GPIO_Label
PA2.GPIO_Label=MCU_TX_GPS_RX
PA2.Locked=true
PA2.Mode=Asynchronous
PA2.Signal=USART2_TX
PA3.GPIOParameters=GPIO_Label
PA3.GPIO_Label=MCU_RX_GPS_TX
PA3.Locked=true
PA3.Mode=Asynchronous
PA3.Signal=USART2_RX
PA4.Locked=true
PA4.Signal=SPI1_NSS
PA5.Locked=true
PA5.Mode=Full-Duplex-Master
PA5.Signal=SPI1_SCK
PA6.Locked=true
PA6.Mode=Full-Duplex-Master
PA6.Signal=SPI1_MISO
PA7.Locked=true
PA7.Mode=Full-Duplex-Master
PA7.Signal=SPI1_MOSI
PA8.Mode=PWM-Input-1
PA8.Signal=TIM1_CH1
PA9.Locked=true
PA9.Mode=Asynchronous
PA9.Signal=USART1_TX
PB0.GPIOParameters=GPIO_Label
PB0.GPIO_Label=\\USART1_RE
PB0.Locked=true
PB0.Signal=GPIO_Output
PB1.GPIOParameters=GPIO_Label
PB1.GPIO_Label=USART2_DE
PB1.Locked=true
PB1.Signal=GPIO_Output
PB2.GPIOParameters=GPIO_Label
PB2.GPIO_Label=GPS_3.3_CTRL
PB2.Locked=true
PB2.Signal=GPIO_Output
PB3.Mode=Trace-Asynchronous_SW
PB3.Signal=SYS_JTDO-TRACESWO
PB4.GPIOParameters=GPIO_Label
PB4.GPIO_Label=GPS_EXT_INT
PB4.Locked=true
PB4.Signal=GPIO_Output
PB5.GPIOParameters=GPIO_Label
PB5.GPIO_Label=GPS_TIMEPULSE
PB5.Locked=true
PB5.Signal=GPIO_Input
PB6.Mode=I2C
PB6.Signal=I2C1_SCL
PB7.Mode=I2C
PB7.Signal=I2C1_SDA
PD0-OSC_IN.Locked=true
PD0-OSC_IN.Mode=HSE-External-Oscillator
PD0-OSC_IN.Signal=SYS_OSC_IN
PD1-OSC_OUT.Locked=true
PD1-OSC_OUT.Mode=HSE-External-Oscillator
PD1-OSC_OUT.Signal=SYS_OSC_OUT
VP_ADC1_TempSens_Input.Mode=IN-TempSens
VP_ADC1_TempSens_Input.Signal=ADC1_TempSens_Input
VP_ADC1_Vbat_Input.Mode=IN-Vbat
VP_ADC1_Vbat_Input.Signal=ADC1_Vbat_Input
VP_ADC1_Vref_Input.Mode=IN-Vrefint
VP_ADC1_Vref_Input.Signal=ADC1_Vref_Input
